PODS:
  - audioplayer (0.0.1):
    - Flutter
  - Flutter (1.0.0)
  - flutter_drag_scale (0.0.1):
    - Flutter
  - fluttertoast (0.0.2):
    - Flutter
  - FMDB (2.7.5):
    - FMDB/standard (= 2.7.5)
  - FMDB/standard (2.7.5)
  - image_picker (0.0.1):
    - Flutter
  - path_provider (0.0.1):
    - Flutter
  - shared_preferences (0.0.1):
    - Flutter
  - sqflite (0.0.1):
    - Flutter
    - FMDB (~> 2.7.2)
  - webview_flutter (0.0.1):
    - Flutter

DEPENDENCIES:
  - audioplayer (from `.symlinks/plugins/audioplayer/ios`)
  - Flutter (from `Flutter`)
  - flutter_drag_scale (from `.symlinks/plugins/flutter_drag_scale/ios`)
  - fluttertoast (from `.symlinks/plugins/fluttertoast/ios`)
  - image_picker (from `.symlinks/plugins/image_picker/ios`)
  - path_provider (from `.symlinks/plugins/path_provider/ios`)
  - shared_preferences (from `.symlinks/plugins/shared_preferences/ios`)
  - sqflite (from `.symlinks/plugins/sqflite/ios`)
  - webview_flutter (from `.symlinks/plugins/webview_flutter/ios`)

SPEC REPOS:
  https://github.com/CocoaPods/Specs.git:
    - FMDB

EXTERNAL SOURCES:
  audioplayer:
    :path: ".symlinks/plugins/audioplayer/ios"
  Flutter:
    :path: Flutter
  flutter_drag_scale:
    :path: ".symlinks/plugins/flutter_drag_scale/ios"
  fluttertoast:
    :path: ".symlinks/plugins/fluttertoast/ios"
  image_picker:
    :path: ".symlinks/plugins/image_picker/ios"
  path_provider:
    :path: ".symlinks/plugins/path_provider/ios"
  shared_preferences:
    :path: ".symlinks/plugins/shared_preferences/ios"
  sqflite:
    :path: ".symlinks/plugins/sqflite/ios"
  webview_flutter:
    :path: ".symlinks/plugins/webview_flutter/ios"

SPEC CHECKSUMS:
  audioplayer: f4462b84216b9c55f02bbbdc7ab60eec7427b2d4
  Flutter: 0e3d915762c693b495b44d77113d4970485de6ec
  flutter_drag_scale: 545fd546a1e968bd965883f0511b1c47f049f37d
  fluttertoast: b644586ef3b16f67fae9a1f8754cef6b2d6b634b
  FMDB: 2ce00b547f966261cd18927a3ddb07cb6f3db82a
  image_picker: e3eacd46b94694dde7cf2705955cece853aa1a8f
  path_provider: fb74bd0465e96b594bb3b5088ee4a4e7bb1f2a9d
  shared_preferences: 1feebfa37bb57264736e16865e7ffae7fc99b523
  sqflite: 4001a31ff81d210346b500c55b17f4d6c7589dd0
  webview_flutter: db3aba222b23e4dc432e0c5882834123dc50ff9f

PODFILE CHECKSUM: 1b66dae606f75376c5f2135a8290850eeb09ae83

COCOAPODS: 1.8.0
